
Microsoft Visual Studio Solution File, Format Version 12.00
# Visual Studio Express 2012 for Web
Project("{FAE04EC0-301F-11D3-BF4B-00C04F79EFBC}") = "sliverlight-prism-mvvm-sample", "src\sliverlight-prism-mvvm-sample\sliverlight-prism-mvvm-sample.csproj", "{B1D067A8-12FE-4335-A08E-037BD4374228}"
EndProject
Project("{FAE04EC0-301F-11D3-BF4B-00C04F79EFBC}") = "sliverlight-prism-mvvm-sample.Web", "src\sliverlight-prism-mvvm-sample.Web\sliverlight-prism-mvvm-sample.Web.csproj", "{7054853A-3818-4311-AAC6-47EB46901CA0}"
EndProject
Global
	GlobalSection(SolutionConfigurationPlatforms) = preSolution
		Debug|Any CPU = Debug|Any CPU
		Release|Any CPU = Release|Any CPU
	EndGlobalSection
	GlobalSection(ProjectConfigurationPlatforms) = postSolution
		{B1D067A8-12FE-4335-A08E-037BD4374228}.Debug|Any CPU.ActiveCfg = Debug|Any CPU
		{B1D067A8-12FE-4335-A08E-037BD4374228}.Debug|Any CPU.Build.0 = Debug|Any CPU
		{B1D067A8-12FE-4335-A08E-037BD4374228}.Release|Any CPU.ActiveCfg = Release|Any CPU
		{B1D067A8-12FE-4335-A08E-037BD4374228}.Release|Any CPU.Build.0 = Release|Any CPU
		{7054853A-3818-4311-AAC6-47EB46901CA0}.Debug|Any CPU.ActiveCfg = Debug|Any CPU
		{7054853A-3818-4311-AAC6-47EB46901CA0}.Debug|Any CPU.Build.0 = Debug|Any CPU
		{7054853A-3818-4311-AAC6-47EB46901CA0}.Release|Any CPU.ActiveCfg = Release|Any CPU
		{7054853A-3818-4311-AAC6-47EB46901CA0}.Release|Any CPU.Build.0 = Release|Any CPU
	EndGlobalSection
	GlobalSection(SolutionProperties) = preSolution
		HideSolutionNode = FALSE
	EndGlobalSection
	GlobalSection(ExtensibilityGlobals) = postSolution
		EnterpriseLibraryConfigurationToolBinariesPath = packages\Unity.2.1.505.2\lib\NET35
	EndGlobalSection
EndGlobal
